
Microsoft Visual Studio Solution File, Format Version 12.00
# Visual Studio Version 17
VisualStudioVersion = 17.5.002.0
MinimumVisualStudioVersion = 10.0.40219.1
Project("{2150E333-8FDC-42A3-9474-1A3956D46DE8}") = "src", "src", "{300A0E43-5D74-43C1-B12F-B559C788CC3A}"
EndProject
Project("{9A19103F-16F7-4668-BE54-9A1E7A4F7556}") = "Classes", "src\Classes\Classes.csproj", "{DD672EFB-49DA-4F5E-8DCC-18B6232F6113}"
EndProject
Global
	GlobalSection(SolutionConfigurationPlatforms) = preSolution
		Debug|Any CPU = Debug|Any CPU
		Release|Any CPU = Release|Any CPU
	EndGlobalSection
	GlobalSection(ProjectConfigurationPlatforms) = postSolution
		{DD672EFB-49DA-4F5E-8DCC-18B6232F6113}.Debug|Any CPU.ActiveCfg = Debug|Any CPU
		{DD672EFB-49DA-4F5E-8DCC-18B6232F6113}.Debug|Any CPU.Build.0 = Debug|Any CPU
		{DD672EFB-49DA-4F5E-8DCC-18B6232F6113}.Release|Any CPU.ActiveCfg = Release|Any CPU
		{DD672EFB-49DA-4F5E-8DCC-18B6232F6113}.Release|Any CPU.Build.0 = Release|Any CPU
	EndGlobalSection
	GlobalSection(SolutionProperties) = preSolution
		HideSolutionNode = FALSE
	EndGlobalSection
	GlobalSection(NestedProjects) = preSolution
		{DD672EFB-49DA-4F5E-8DCC-18B6232F6113} = {300A0E43-5D74-43C1-B12F-B559C788CC3A}
	EndGlobalSection
	GlobalSection(ExtensibilityGlobals) = postSolution
		SolutionGuid = {1488C014-AA1B-4547-9193-4127B672EC98}
	EndGlobalSection
EndGlobal
